
Microsoft Visual Studio Solution File, Format Version 12.00
# Visual Studio Version 17
VisualStudioVersion = 17.5.002.0
MinimumVisualStudioVersion = 10.0.40219.1
Project("{9A19103F-16F7-4668-BE54-9A1E7A4F7556}") = "Calculadora139", "Calculadora139.csproj", "{98F48BA7-3B83-47CA-B8C0-EF1F6C0D278A}"
EndProject
Global
	GlobalSection(SolutionConfigurationPlatforms) = preSolution
		Debug|Any CPU = Debug|Any CPU
		Release|Any CPU = Release|Any CPU
	EndGlobalSection
	GlobalSection(ProjectConfigurationPlatforms) = postSolution
		{98F48BA7-3B83-47CA-B8C0-EF1F6C0D278A}.Debug|Any CPU.ActiveCfg = Debug|Any CPU
		{98F48BA7-3B83-47CA-B8C0-EF1F6C0D278A}.Debug|Any CPU.Build.0 = Debug|Any CPU
		{98F48BA7-3B83-47CA-B8C0-EF1F6C0D278A}.Release|Any CPU.ActiveCfg = Release|Any CPU
		{98F48BA7-3B83-47CA-B8C0-EF1F6C0D278A}.Release|Any CPU.Build.0 = Release|Any CPU
	EndGlobalSection
	GlobalSection(SolutionProperties) = preSolution
		HideSolutionNode = FALSE
	EndGlobalSection
	GlobalSection(ExtensibilityGlobals) = postSolution
		SolutionGuid = {47A100C9-8263-4241-9944-7545CB888DC7}
	EndGlobalSection
EndGlobal
